
Microsoft Visual Studio Solution File, Format Version 12.00
# Visual Studio 15
VisualStudioVersion = 15.0.26124.0
MinimumVisualStudioVersion = 15.0.26124.0
Project("{FAE04EC0-301F-11D3-BF4B-00C04F79EFBC}") = "DemoCtx.API", "1.API\DemoCtx.API.csproj", "{EEAC6524-13C6-40A8-99CB-AEC9F36C623C}"
EndProject
Project("{FAE04EC0-301F-11D3-BF4B-00C04F79EFBC}") = "DemoCtx.Database", "2.Database\DemoCtx.Database.csproj", "{9907097A-ADE3-4F8D-B200-D4485DC27F46}"
EndProject
Project("{FAE04EC0-301F-11D3-BF4B-00C04F79EFBC}") = "DemoCtx.Core", "3.Core\DemoCtx.Core.csproj", "{A04908F1-0DCB-4096-84A7-0117015E98D9}"
EndProject
Global
	GlobalSection(SolutionConfigurationPlatforms) = preSolution
		Debug|Any CPU = Debug|Any CPU
		Debug|x64 = Debug|x64
		Debug|x86 = Debug|x86
		Release|Any CPU = Release|Any CPU
		Release|x64 = Release|x64
		Release|x86 = Release|x86
	EndGlobalSection
	GlobalSection(SolutionProperties) = preSolution
		HideSolutionNode = FALSE
	EndGlobalSection
	GlobalSection(ProjectConfigurationPlatforms) = postSolution
		{EEAC6524-13C6-40A8-99CB-AEC9F36C623C}.Debug|Any CPU.ActiveCfg = Debug|Any CPU
		{EEAC6524-13C6-40A8-99CB-AEC9F36C623C}.Debug|Any CPU.Build.0 = Debug|Any CPU
		{EEAC6524-13C6-40A8-99CB-AEC9F36C623C}.Debug|x64.ActiveCfg = Debug|Any CPU
		{EEAC6524-13C6-40A8-99CB-AEC9F36C623C}.Debug|x64.Build.0 = Debug|Any CPU
		{EEAC6524-13C6-40A8-99CB-AEC9F36C623C}.Debug|x86.ActiveCfg = Debug|Any CPU
		{EEAC6524-13C6-40A8-99CB-AEC9F36C623C}.Debug|x86.Build.0 = Debug|Any CPU
		{EEAC6524-13C6-40A8-99CB-AEC9F36C623C}.Release|Any CPU.ActiveCfg = Release|Any CPU
		{EEAC6524-13C6-40A8-99CB-AEC9F36C623C}.Release|Any CPU.Build.0 = Release|Any CPU
		{EEAC6524-13C6-40A8-99CB-AEC9F36C623C}.Release|x64.ActiveCfg = Release|Any CPU
		{EEAC6524-13C6-40A8-99CB-AEC9F36C623C}.Release|x64.Build.0 = Release|Any CPU
		{EEAC6524-13C6-40A8-99CB-AEC9F36C623C}.Release|x86.ActiveCfg = Release|Any CPU
		{EEAC6524-13C6-40A8-99CB-AEC9F36C623C}.Release|x86.Build.0 = Release|Any CPU
		{9907097A-ADE3-4F8D-B200-D4485DC27F46}.Debug|Any CPU.ActiveCfg = Debug|Any CPU
		{9907097A-ADE3-4F8D-B200-D4485DC27F46}.Debug|Any CPU.Build.0 = Debug|Any CPU
		{9907097A-ADE3-4F8D-B200-D4485DC27F46}.Debug|x64.ActiveCfg = Debug|Any CPU
		{9907097A-ADE3-4F8D-B200-D4485DC27F46}.Debug|x64.Build.0 = Debug|Any CPU
		{9907097A-ADE3-4F8D-B200-D4485DC27F46}.Debug|x86.ActiveCfg = Debug|Any CPU
		{9907097A-ADE3-4F8D-B200-D4485DC27F46}.Debug|x86.Build.0 = Debug|Any CPU
		{9907097A-ADE3-4F8D-B200-D4485DC27F46}.Release|Any CPU.ActiveCfg = Release|Any CPU
		{9907097A-ADE3-4F8D-B200-D4485DC27F46}.Release|Any CPU.Build.0 = Release|Any CPU
		{9907097A-ADE3-4F8D-B200-D4485DC27F46}.Release|x64.ActiveCfg = Release|Any CPU
		{9907097A-ADE3-4F8D-B200-D4485DC27F46}.Release|x64.Build.0 = Release|Any CPU
		{9907097A-ADE3-4F8D-B200-D4485DC27F46}.Release|x86.ActiveCfg = Release|Any CPU
		{9907097A-ADE3-4F8D-B200-D4485DC27F46}.Release|x86.Build.0 = Release|Any CPU
		{A04908F1-0DCB-4096-84A7-0117015E98D9}.Debug|Any CPU.ActiveCfg = Debug|Any CPU
		{A04908F1-0DCB-4096-84A7-0117015E98D9}.Debug|Any CPU.Build.0 = Debug|Any CPU
		{A04908F1-0DCB-4096-84A7-0117015E98D9}.Debug|x64.ActiveCfg = Debug|Any CPU
		{A04908F1-0DCB-4096-84A7-0117015E98D9}.Debug|x64.Build.0 = Debug|Any CPU
		{A04908F1-0DCB-4096-84A7-0117015E98D9}.Debug|x86.ActiveCfg = Debug|Any CPU
		{A04908F1-0DCB-4096-84A7-0117015E98D9}.Debug|x86.Build.0 = Debug|Any CPU
		{A04908F1-0DCB-4096-84A7-0117015E98D9}.Release|Any CPU.ActiveCfg = Release|Any CPU
		{A04908F1-0DCB-4096-84A7-0117015E98D9}.Release|Any CPU.Build.0 = Release|Any CPU
		{A04908F1-0DCB-4096-84A7-0117015E98D9}.Release|x64.ActiveCfg = Release|Any CPU
		{A04908F1-0DCB-4096-84A7-0117015E98D9}.Release|x64.Build.0 = Release|Any CPU
		{A04908F1-0DCB-4096-84A7-0117015E98D9}.Release|x86.ActiveCfg = Release|Any CPU
		{A04908F1-0DCB-4096-84A7-0117015E98D9}.Release|x86.Build.0 = Release|Any CPU
	EndGlobalSection
EndGlobal
